
Microsoft Visual Studio Solution File, Format Version 12.00
# Visual Studio 2013
VisualStudioVersion = 12.0.21005.1
MinimumVisualStudioVersion = 10.0.40219.1
Project("{FAE04EC0-301F-11D3-BF4B-00C04F79EFBC}") = "Solutions.WebApplication", "Solutions.WebApplication\Solutions.WebApplication.csproj", "{FDBAB16B-A253-4D0F-ADF9-AC4CF709FEB2}"
EndProject
Project("{FAE04EC0-301F-11D3-BF4B-00C04F79EFBC}") = "Solutions.BusinessLogic", "Solutions.BusinessLogic\Solutions.BusinessLogic.csproj", "{FD159ADC-54FF-4892-8C8C-87EE3E3B1E76}"
EndProject
Project("{FAE04EC0-301F-11D3-BF4B-00C04F79EFBC}") = "Solutions.DataAccess", "Solutions.DataAccess\Solutions.DataAccess.csproj", "{CD16154D-8502-41E6-9B33-BAD4CAE004A3}"
EndProject
Project("{FAE04EC0-301F-11D3-BF4B-00C04F79EFBC}") = "Solutions.Common", "Solutions.Common\Solutions.Common.csproj", "{FA5A38AD-D6FE-4C09-8F11-47EDBB38CAD9}"
EndProject
Global
	GlobalSection(SolutionConfigurationPlatforms) = preSolution
		Debug|Any CPU = Debug|Any CPU
		Release|Any CPU = Release|Any CPU
	EndGlobalSection
	GlobalSection(ProjectConfigurationPlatforms) = postSolution
		{FDBAB16B-A253-4D0F-ADF9-AC4CF709FEB2}.Debug|Any CPU.ActiveCfg = Debug|Any CPU
		{FDBAB16B-A253-4D0F-ADF9-AC4CF709FEB2}.Debug|Any CPU.Build.0 = Debug|Any CPU
		{FDBAB16B-A253-4D0F-ADF9-AC4CF709FEB2}.Release|Any CPU.ActiveCfg = Release|Any CPU
		{FDBAB16B-A253-4D0F-ADF9-AC4CF709FEB2}.Release|Any CPU.Build.0 = Release|Any CPU
		{FD159ADC-54FF-4892-8C8C-87EE3E3B1E76}.Debug|Any CPU.ActiveCfg = Debug|Any CPU
		{FD159ADC-54FF-4892-8C8C-87EE3E3B1E76}.Debug|Any CPU.Build.0 = Debug|Any CPU
		{FD159ADC-54FF-4892-8C8C-87EE3E3B1E76}.Release|Any CPU.ActiveCfg = Release|Any CPU
		{FD159ADC-54FF-4892-8C8C-87EE3E3B1E76}.Release|Any CPU.Build.0 = Release|Any CPU
		{CD16154D-8502-41E6-9B33-BAD4CAE004A3}.Debug|Any CPU.ActiveCfg = Debug|Any CPU
		{CD16154D-8502-41E6-9B33-BAD4CAE004A3}.Debug|Any CPU.Build.0 = Debug|Any CPU
		{CD16154D-8502-41E6-9B33-BAD4CAE004A3}.Release|Any CPU.ActiveCfg = Release|Any CPU
		{CD16154D-8502-41E6-9B33-BAD4CAE004A3}.Release|Any CPU.Build.0 = Release|Any CPU
		{FA5A38AD-D6FE-4C09-8F11-47EDBB38CAD9}.Debug|Any CPU.ActiveCfg = Debug|Any CPU
		{FA5A38AD-D6FE-4C09-8F11-47EDBB38CAD9}.Debug|Any CPU.Build.0 = Debug|Any CPU
		{FA5A38AD-D6FE-4C09-8F11-47EDBB38CAD9}.Release|Any CPU.ActiveCfg = Release|Any CPU
		{FA5A38AD-D6FE-4C09-8F11-47EDBB38CAD9}.Release|Any CPU.Build.0 = Release|Any CPU
	EndGlobalSection
	GlobalSection(SolutionProperties) = preSolution
		HideSolutionNode = FALSE
	EndGlobalSection
EndGlobal
